
Microsoft Visual Studio Solution File, Format Version 12.00
# Visual Studio Version 16
VisualStudioVersion = 16.0.31321.278
MinimumVisualStudioVersion = 10.0.40219.1
Project("{FAE04EC0-301F-11D3-BF4B-00C04F79EFBC}") = "ShipBattle", "ShipBattle\ShipBattle.csproj", "{E68ED150-DBF1-4C39-816E-DECF85CEA03A}"
EndProject
Global
	GlobalSection(SolutionConfigurationPlatforms) = preSolution
		Debug|Any CPU = Debug|Any CPU
		Release|Any CPU = Release|Any CPU
	EndGlobalSection
	GlobalSection(ProjectConfigurationPlatforms) = postSolution
		{E68ED150-DBF1-4C39-816E-DECF85CEA03A}.Debug|Any CPU.ActiveCfg = Debug|Any CPU
		{E68ED150-DBF1-4C39-816E-DECF85CEA03A}.Debug|Any CPU.Build.0 = Debug|Any CPU
		{E68ED150-DBF1-4C39-816E-DECF85CEA03A}.Release|Any CPU.ActiveCfg = Release|Any CPU
		{E68ED150-DBF1-4C39-816E-DECF85CEA03A}.Release|Any CPU.Build.0 = Release|Any CPU
	EndGlobalSection
	GlobalSection(SolutionProperties) = preSolution
		HideSolutionNode = FALSE
	EndGlobalSection
	GlobalSection(ExtensibilityGlobals) = postSolution
		SolutionGuid = {3C38E71C-694E-40A2-A2D8-5C8BB70FBA1E}
	EndGlobalSection
EndGlobal
